github.com/matehaxor03/holistic_db_client v0.0.289 h1:3HON6V51nH4mP6HjRSNrv3exzloGF5jlZsmfcptepac=
github.com/matehaxor03/holistic_db_client v0.0.289/go.mod h1:hdquyETaRhUjHj6xD9sasdueb4sHYSyAcm+CiWKPuc0=
github.com/matehaxor03/holistic_db_client v0.0.290 h1:NjsHdO+w1TgJveEg/wOolIuGgwvNgQaOY6kGhG4BfTM=
github.com/matehaxor03/holistic_db_client v0.0.290/go.mod h1:hdquyETaRhUjHj6xD9sasdueb4sHYSyAcm+CiWKPuc0=
github.com/matehaxor03/holistic_db_client v0.0.291 h1:zvGhFBZp0THw82xI0txogf8ozRa+Jpyos/Lg3lk3naw=
github.com/matehaxor03/holistic_db_client v0.0.291/go.mod h1:hdquyETaRhUjHj6xD9sasdueb4sHYSyAcm+CiWKPuc0=
