github.com/matehaxor03/holistic_db_client v0.0.318 h1:SIRUySLabjR1IzBck+grpiroL1eaJQJvJY3HenP1cwU=
github.com/matehaxor03/holistic_db_client v0.0.318/go.mod h1:hdquyETaRhUjHj6xD9sasdueb4sHYSyAcm+CiWKPuc0=
github.com/matehaxor03/holistic_db_client v0.0.327 h1:m+7HDjaXF+X/EqL6xPFhgeG/yxqFF7oasZSTWHJdJ4o=
github.com/matehaxor03/holistic_db_client v0.0.327/go.mod h1:hdquyETaRhUjHj6xD9sasdueb4sHYSyAcm+CiWKPuc0=
github.com/matehaxor03/holistic_db_client v0.0.328 h1:X6PTLcz33K49I62vv/+giKOoJIsE1HD/PN8cCYe0hvY=
github.com/matehaxor03/holistic_db_client v0.0.328/go.mod h1:hdquyETaRhUjHj6xD9sasdueb4sHYSyAcm+CiWKPuc0=
github.com/matehaxor03/holistic_db_client v0.0.329 h1:nkh9O5fh+WClAnkHGZtl+ADhBdPZC9z0WaXOVZ59dhQ=
github.com/matehaxor03/holistic_db_client v0.0.329/go.mod h1:hdquyETaRhUjHj6xD9sasdueb4sHYSyAcm+CiWKPuc0=
